
Microsoft Visual Studio Solution File, Format Version 12.00
# Visual Studio Version 17
VisualStudioVersion = 17.3.32922.545
MinimumVisualStudioVersion = 10.0.40219.1
Project("{9A19103F-16F7-4668-BE54-9A1E7A4F7556}") = "Una", "Una\Una.csproj", "{DD403BEF-35EE-444D-8A9A-53E387CA9293}"
EndProject
Project("{9A19103F-16F7-4668-BE54-9A1E7A4F7556}") = "CA2", "CA2\CA2.csproj", "{A0409600-C36A-4600-A377-682E4A98A00E}"
EndProject
Project("{9A19103F-16F7-4668-BE54-9A1E7A4F7556}") = "BookReviewFileManagement", "BookReviewFileManagement\BookReviewFileManagement.csproj", "{23716EDE-24BE-4B79-A69B-75218427AFCD}"
EndProject
Project("{2150E333-8FDC-42A3-9474-1A3956D46DE8}") = "Solution Items", "Solution Items", "{3FE3F86D-80B3-48E1-A117-4501B32B8E23}"
EndProject
Global
	GlobalSection(SolutionConfigurationPlatforms) = preSolution
		Debug|Any CPU = Debug|Any CPU
		Release|Any CPU = Release|Any CPU
	EndGlobalSection
	GlobalSection(ProjectConfigurationPlatforms) = postSolution
		{DD403BEF-35EE-444D-8A9A-53E387CA9293}.Debug|Any CPU.ActiveCfg = Debug|Any CPU
		{DD403BEF-35EE-444D-8A9A-53E387CA9293}.Debug|Any CPU.Build.0 = Debug|Any CPU
		{DD403BEF-35EE-444D-8A9A-53E387CA9293}.Release|Any CPU.ActiveCfg = Release|Any CPU
		{DD403BEF-35EE-444D-8A9A-53E387CA9293}.Release|Any CPU.Build.0 = Release|Any CPU
		{A0409600-C36A-4600-A377-682E4A98A00E}.Debug|Any CPU.ActiveCfg = Debug|Any CPU
		{A0409600-C36A-4600-A377-682E4A98A00E}.Debug|Any CPU.Build.0 = Debug|Any CPU
		{A0409600-C36A-4600-A377-682E4A98A00E}.Release|Any CPU.ActiveCfg = Release|Any CPU
		{A0409600-C36A-4600-A377-682E4A98A00E}.Release|Any CPU.Build.0 = Release|Any CPU
		{23716EDE-24BE-4B79-A69B-75218427AFCD}.Debug|Any CPU.ActiveCfg = Debug|Any CPU
		{23716EDE-24BE-4B79-A69B-75218427AFCD}.Debug|Any CPU.Build.0 = Debug|Any CPU
		{23716EDE-24BE-4B79-A69B-75218427AFCD}.Release|Any CPU.ActiveCfg = Release|Any CPU
		{23716EDE-24BE-4B79-A69B-75218427AFCD}.Release|Any CPU.Build.0 = Release|Any CPU
	EndGlobalSection
	GlobalSection(SolutionProperties) = preSolution
		HideSolutionNode = FALSE
	EndGlobalSection
	GlobalSection(ExtensibilityGlobals) = postSolution
		SolutionGuid = {C0450399-ADCC-42C7-938F-3F742854E1CA}
	EndGlobalSection
EndGlobal
